
Microsoft Visual Studio Solution File, Format Version 12.00
# Visual Studio 15
VisualStudioVersion = 15.0.28307.2092
MinimumVisualStudioVersion = 10.0.40219.1
Project("{FAE04EC0-301F-11D3-BF4B-00C04F79EFBC}") = "CardGame2", "CardGame2\CardGame2.csproj", "{F3AD0B2F-95CE-4C00-AD0C-FBEAFF2339D0}"
EndProject
Global
	GlobalSection(SolutionConfigurationPlatforms) = preSolution
		Debug|Any CPU = Debug|Any CPU
		Release|Any CPU = Release|Any CPU
	EndGlobalSection
	GlobalSection(ProjectConfigurationPlatforms) = postSolution
		{F3AD0B2F-95CE-4C00-AD0C-FBEAFF2339D0}.Debug|Any CPU.ActiveCfg = Debug|Any CPU
		{F3AD0B2F-95CE-4C00-AD0C-FBEAFF2339D0}.Debug|Any CPU.Build.0 = Debug|Any CPU
		{F3AD0B2F-95CE-4C00-AD0C-FBEAFF2339D0}.Release|Any CPU.ActiveCfg = Release|Any CPU
		{F3AD0B2F-95CE-4C00-AD0C-FBEAFF2339D0}.Release|Any CPU.Build.0 = Release|Any CPU
	EndGlobalSection
	GlobalSection(SolutionProperties) = preSolution
		HideSolutionNode = FALSE
	EndGlobalSection
	GlobalSection(ExtensibilityGlobals) = postSolution
		SolutionGuid = {B0699BE4-DEED-4572-B7A7-0651F9B64A3D}
	EndGlobalSection
EndGlobal
