
Microsoft Visual Studio Solution File, Format Version 12.00
# Visual Studio 15
VisualStudioVersion = 15.0.28307.2092
MinimumVisualStudioVersion = 10.0.40219.1
Project("{FAE04EC0-301F-11D3-BF4B-00C04F79EFBC}") = "password manager", "password manager\password manager.csproj", "{C2488A0F-0EAB-4607-8992-17689DE50666}"
EndProject
Global
	GlobalSection(SolutionConfigurationPlatforms) = preSolution
		Debug|Any CPU = Debug|Any CPU
		Release|Any CPU = Release|Any CPU
	EndGlobalSection
	GlobalSection(ProjectConfigurationPlatforms) = postSolution
		{C2488A0F-0EAB-4607-8992-17689DE50666}.Debug|Any CPU.ActiveCfg = Debug|Any CPU
		{C2488A0F-0EAB-4607-8992-17689DE50666}.Debug|Any CPU.Build.0 = Debug|Any CPU
		{C2488A0F-0EAB-4607-8992-17689DE50666}.Release|Any CPU.ActiveCfg = Release|Any CPU
		{C2488A0F-0EAB-4607-8992-17689DE50666}.Release|Any CPU.Build.0 = Release|Any CPU
	EndGlobalSection
	GlobalSection(SolutionProperties) = preSolution
		HideSolutionNode = FALSE
	EndGlobalSection
	GlobalSection(ExtensibilityGlobals) = postSolution
		SolutionGuid = {1B764B1D-358C-46F3-A6FF-02C943C068B3}
	EndGlobalSection
EndGlobal
