
Microsoft Visual Studio Solution File, Format Version 12.00
# Visual Studio 15
VisualStudioVersion = 15.0.28307.2092
MinimumVisualStudioVersion = 10.0.40219.1
Project("{FAE04EC0-301F-11D3-BF4B-00C04F79EFBC}") = "Stackgame", "Stackgame\Stackgame.csproj", "{1105F1CE-575C-4BEA-A383-17D5E3933E10}"
EndProject
Global
	GlobalSection(SolutionConfigurationPlatforms) = preSolution
		Debug|Any CPU = Debug|Any CPU
		Release|Any CPU = Release|Any CPU
	EndGlobalSection
	GlobalSection(ProjectConfigurationPlatforms) = postSolution
		{1105F1CE-575C-4BEA-A383-17D5E3933E10}.Debug|Any CPU.ActiveCfg = Debug|Any CPU
		{1105F1CE-575C-4BEA-A383-17D5E3933E10}.Debug|Any CPU.Build.0 = Debug|Any CPU
		{1105F1CE-575C-4BEA-A383-17D5E3933E10}.Release|Any CPU.ActiveCfg = Release|Any CPU
		{1105F1CE-575C-4BEA-A383-17D5E3933E10}.Release|Any CPU.Build.0 = Release|Any CPU
	EndGlobalSection
	GlobalSection(SolutionProperties) = preSolution
		HideSolutionNode = FALSE
	EndGlobalSection
	GlobalSection(ExtensibilityGlobals) = postSolution
		SolutionGuid = {4D4ED6B3-C181-473D-9F88-FFF41F469757}
	EndGlobalSection
EndGlobal
